
Microsoft Visual Studio Solution File, Format Version 12.00
# Visual Studio Version 16
VisualStudioVersion = 16.0.29215.179
MinimumVisualStudioVersion = 10.0.40219.1
Project("{FAE04EC0-301F-11D3-BF4B-00C04F79EFBC}") = "ProductApi.core", "ProductApi.core\ProductApi.core.csproj", "{40FC8DF5-B96F-4CF0-9156-A2386A1356FF}"
EndProject
Project("{FAE04EC0-301F-11D3-BF4B-00C04F79EFBC}") = "ProductApi.infrastructure", "ProductApi.infrastructure\ProductApi.infrastructure.csproj", "{3091FC72-5BC3-41C4-A1F2-C641792C5252}"
EndProject
Project("{FAE04EC0-301F-11D3-BF4B-00C04F79EFBC}") = "ProductApi.test", "ProductApi.test\ProductApi.test.csproj", "{A6F50BA9-83AA-4CFF-A8E5-0495E59E4492}"
EndProject
Project("{FAE04EC0-301F-11D3-BF4B-00C04F79EFBC}") = "UnitTestProject1", "UnitTestProject1\UnitTestProject1.csproj", "{F32F4FD2-974F-485A-861B-5C115A674D44}"
EndProject
Project("{FAE04EC0-301F-11D3-BF4B-00C04F79EFBC}") = "ProductApi.api", "ProductApi.api\ProductApi.api.csproj", "{1105931C-F06D-4ABC-AE15-31464CFD8E73}"
EndProject
Global
	GlobalSection(SolutionConfigurationPlatforms) = preSolution
		Debug|Any CPU = Debug|Any CPU
		Release|Any CPU = Release|Any CPU
	EndGlobalSection
	GlobalSection(ProjectConfigurationPlatforms) = postSolution
		{40FC8DF5-B96F-4CF0-9156-A2386A1356FF}.Debug|Any CPU.ActiveCfg = Debug|Any CPU
		{40FC8DF5-B96F-4CF0-9156-A2386A1356FF}.Debug|Any CPU.Build.0 = Debug|Any CPU
		{40FC8DF5-B96F-4CF0-9156-A2386A1356FF}.Release|Any CPU.ActiveCfg = Release|Any CPU
		{40FC8DF5-B96F-4CF0-9156-A2386A1356FF}.Release|Any CPU.Build.0 = Release|Any CPU
		{3091FC72-5BC3-41C4-A1F2-C641792C5252}.Debug|Any CPU.ActiveCfg = Debug|Any CPU
		{3091FC72-5BC3-41C4-A1F2-C641792C5252}.Debug|Any CPU.Build.0 = Debug|Any CPU
		{3091FC72-5BC3-41C4-A1F2-C641792C5252}.Release|Any CPU.ActiveCfg = Release|Any CPU
		{3091FC72-5BC3-41C4-A1F2-C641792C5252}.Release|Any CPU.Build.0 = Release|Any CPU
		{A6F50BA9-83AA-4CFF-A8E5-0495E59E4492}.Debug|Any CPU.ActiveCfg = Debug|Any CPU
		{A6F50BA9-83AA-4CFF-A8E5-0495E59E4492}.Debug|Any CPU.Build.0 = Debug|Any CPU
		{A6F50BA9-83AA-4CFF-A8E5-0495E59E4492}.Release|Any CPU.ActiveCfg = Release|Any CPU
		{A6F50BA9-83AA-4CFF-A8E5-0495E59E4492}.Release|Any CPU.Build.0 = Release|Any CPU
		{F32F4FD2-974F-485A-861B-5C115A674D44}.Debug|Any CPU.ActiveCfg = Debug|Any CPU
		{F32F4FD2-974F-485A-861B-5C115A674D44}.Debug|Any CPU.Build.0 = Debug|Any CPU
		{F32F4FD2-974F-485A-861B-5C115A674D44}.Release|Any CPU.ActiveCfg = Release|Any CPU
		{F32F4FD2-974F-485A-861B-5C115A674D44}.Release|Any CPU.Build.0 = Release|Any CPU
		{1105931C-F06D-4ABC-AE15-31464CFD8E73}.Debug|Any CPU.ActiveCfg = Debug|Any CPU
		{1105931C-F06D-4ABC-AE15-31464CFD8E73}.Debug|Any CPU.Build.0 = Debug|Any CPU
		{1105931C-F06D-4ABC-AE15-31464CFD8E73}.Release|Any CPU.ActiveCfg = Release|Any CPU
		{1105931C-F06D-4ABC-AE15-31464CFD8E73}.Release|Any CPU.Build.0 = Release|Any CPU
	EndGlobalSection
	GlobalSection(SolutionProperties) = preSolution
		HideSolutionNode = FALSE
	EndGlobalSection
	GlobalSection(ExtensibilityGlobals) = postSolution
		SolutionGuid = {375E253E-FB30-40B5-A881-09B6B438AD00}
	EndGlobalSection
EndGlobal
